
Microsoft Visual Studio Solution File, Format Version 12.00
# Visual Studio Version 16
VisualStudioVersion = 16.0.30309.148
MinimumVisualStudioVersion = 10.0.40219.1
Project("{2150E333-8FDC-42A3-9474-1A3956D46DE8}") = "01 - UnitTests", "01 - UnitTests", "{DCD60269-B21F-4D47-BB65-887EA8E4636B}"
EndProject
Project("{2150E333-8FDC-42A3-9474-1A3956D46DE8}") = "1.1 - BasicTests", "1.1 - BasicTests", "{60C2C7B3-B6E8-451A-ABA4-E991DE34D860}"
EndProject
Project("{9A19103F-16F7-4668-BE54-9A1E7A4F7556}") = "Demo", "src\01 - UnitTests\Demo\Demo.csproj", "{351AAA59-0D5C-4189-8A81-89222E7F8D0F}"
EndProject
Project("{9A19103F-16F7-4668-BE54-9A1E7A4F7556}") = "Demo.Tests", "src\01 - UnitTests\Demo.Tests\Demo.Tests.csproj", "{9AE6B6EE-4E38-420D-8EE0-A99E9CFF5197}"
EndProject
Project("{2150E333-8FDC-42A3-9474-1A3956D46DE8}") = "1.2 - Features", "1.2 - Features", "{1B605400-30BA-45B7-8B03-185517606DC7}"
EndProject
Project("{9A19103F-16F7-4668-BE54-9A1E7A4F7556}") = "Features", "src\01 - UnitTests\Features\Features.csproj", "{CFEF2182-2ACB-4E01-8023-2655334A89E5}"
EndProject
Project("{9A19103F-16F7-4668-BE54-9A1E7A4F7556}") = "Features.Tests", "src\01 - UnitTests\Features.Tests\Features.Tests.csproj", "{A1ED997E-07BE-4CAD-8194-789029275872}"
EndProject
Project("{2150E333-8FDC-42A3-9474-1A3956D46DE8}") = "02 - TDD", "02 - TDD", "{55AD943D-ABC9-4469-B047-C9AC830AE79D}"
EndProject
Project("{2150E333-8FDC-42A3-9474-1A3956D46DE8}") = "Tests", "Tests", "{6A283394-2354-40CD-8FE6-4C6BEE5144B0}"
EndProject
Project("{9A19103F-16F7-4668-BE54-9A1E7A4F7556}") = "NerdStore.Core", "src\02 - TDD\src\NerdStore.Core\NerdStore.Core.csproj", "{5176554C-CD17-482A-8290-07822F00C9F9}"
EndProject
Project("{9A19103F-16F7-4668-BE54-9A1E7A4F7556}") = "NerdStore.Sales.Application.Tests", "src\02 - TDD\tests\NerdStore.Sales.Application.Tests\NerdStore.Sales.Application.Tests.csproj", "{9F3323C2-4657-4A3F-861F-4F70197F14CD}"
EndProject
Project("{9A19103F-16F7-4668-BE54-9A1E7A4F7556}") = "NerdStore.Sales.Domain.Tests", "src\02 - TDD\tests\NerdStore.Sales.Domain.Tests\NerdStore.Sales.Domain.Tests.csproj", "{618A82F9-9557-406A-8F2C-4C395BBCE211}"
EndProject
Project("{9A19103F-16F7-4668-BE54-9A1E7A4F7556}") = "NerdStore.Sales.Application", "src\02 - TDD\src\NerdStore.Sales.Application\NerdStore.Sales.Application.csproj", "{004B18BD-D048-413A-9DAE-7B4D04803908}"
EndProject
Project("{9A19103F-16F7-4668-BE54-9A1E7A4F7556}") = "NerdStore.Sales.Domain", "src\02 - TDD\src\NerdStore.Sales.Domain\NerdStore.Sales.Domain.csproj", "{273A9F09-CE36-4263-A343-7659271D322E}"
EndProject
Project("{9A19103F-16F7-4668-BE54-9A1E7A4F7556}") = "NerdStore.Sales.Data", "src\02 - TDD\src\NerdStore.Sales.Data\NerdStore.Sales.Data.csproj", "{47D7363F-5870-4D10-B4FD-04B252B0A3D2}"
EndProject
Project("{2150E333-8FDC-42A3-9474-1A3956D46DE8}") = "03 - IntegrationTests", "03 - IntegrationTests", "{2635CA65-1CAC-4E52-8B61-46130477058A}"
EndProject
Project("{2150E333-8FDC-42A3-9474-1A3956D46DE8}") = "IntegrationTests", "IntegrationTests", "{077F4ED0-B71C-41D0-B744-B92674F63BE7}"
EndProject
Project("{9A19103F-16F7-4668-BE54-9A1E7A4F7556}") = "NerdStore.Catalog.Application", "src\03 - IntegrationTests\src\NerdStore.Catalog.Application\NerdStore.Catalog.Application.csproj", "{06A4FC38-82DD-49D2-B3AE-1276FB19D6AA}"
EndProject
Project("{9A19103F-16F7-4668-BE54-9A1E7A4F7556}") = "NerdStore.Catalog.Data", "src\03 - IntegrationTests\src\NerdStore.Catalog.Data\NerdStore.Catalog.Data.csproj", "{64B9CD84-563F-4B61-851B-DE1D9DDF9B9E}"
EndProject
Project("{9A19103F-16F7-4668-BE54-9A1E7A4F7556}") = "NerdStore.Catalog.Domain", "src\03 - IntegrationTests\src\NerdStore.Catalog.Domain\NerdStore.Catalog.Domain.csproj", "{5561AAF3-0F3B-49A6-845A-65E61F76E41F}"
EndProject
Project("{9A19103F-16F7-4668-BE54-9A1E7A4F7556}") = "NerdStore.WebApp.Tests", "src\03 - IntegrationTests\tests\NerdStore.WebApp.Tests\NerdStore.WebApp.Tests.csproj", "{732CBC28-69C4-42C1-BBA9-DFAC44DECC80}"
EndProject
Project("{9A19103F-16F7-4668-BE54-9A1E7A4F7556}") = "NerdStore.WebApplication.MVC", "src\03 - IntegrationTests\src\NerdStore.WebApplication.MVC\NerdStore.WebApplication.MVC.csproj", "{7179FBB4-2404-4286-A2FD-527BA1D1417B}"
EndProject
Project("{2150E333-8FDC-42A3-9474-1A3956D46DE8}") = "04 - BDD", "04 - BDD", "{591B742A-C9ED-4E66-9D28-BE94194E14AF}"
EndProject
Project("{FAE04EC0-301F-11D3-BF4B-00C04F79EFBC}") = "NerdStore.BDD.Tests", "src\04 - BDD\Tests\NerdStore.BDD.Tests\NerdStore.BDD.Tests.csproj", "{441E13B2-E0A2-416D-BBE5-429A8779DAA7}"
EndProject
Global
	GlobalSection(SolutionConfigurationPlatforms) = preSolution
		Debug|Any CPU = Debug|Any CPU
		Release|Any CPU = Release|Any CPU
	EndGlobalSection
	GlobalSection(ProjectConfigurationPlatforms) = postSolution
		{351AAA59-0D5C-4189-8A81-89222E7F8D0F}.Debug|Any CPU.ActiveCfg = Debug|Any CPU
		{351AAA59-0D5C-4189-8A81-89222E7F8D0F}.Debug|Any CPU.Build.0 = Debug|Any CPU
		{351AAA59-0D5C-4189-8A81-89222E7F8D0F}.Release|Any CPU.ActiveCfg = Release|Any CPU
		{351AAA59-0D5C-4189-8A81-89222E7F8D0F}.Release|Any CPU.Build.0 = Release|Any CPU
		{9AE6B6EE-4E38-420D-8EE0-A99E9CFF5197}.Debug|Any CPU.ActiveCfg = Debug|Any CPU
		{9AE6B6EE-4E38-420D-8EE0-A99E9CFF5197}.Debug|Any CPU.Build.0 = Debug|Any CPU
		{9AE6B6EE-4E38-420D-8EE0-A99E9CFF5197}.Release|Any CPU.ActiveCfg = Release|Any CPU
		{9AE6B6EE-4E38-420D-8EE0-A99E9CFF5197}.Release|Any CPU.Build.0 = Release|Any CPU
		{CFEF2182-2ACB-4E01-8023-2655334A89E5}.Debug|Any CPU.ActiveCfg = Debug|Any CPU
		{CFEF2182-2ACB-4E01-8023-2655334A89E5}.Debug|Any CPU.Build.0 = Debug|Any CPU
		{CFEF2182-2ACB-4E01-8023-2655334A89E5}.Release|Any CPU.ActiveCfg = Release|Any CPU
		{CFEF2182-2ACB-4E01-8023-2655334A89E5}.Release|Any CPU.Build.0 = Release|Any CPU
		{A1ED997E-07BE-4CAD-8194-789029275872}.Debug|Any CPU.ActiveCfg = Debug|Any CPU
		{A1ED997E-07BE-4CAD-8194-789029275872}.Debug|Any CPU.Build.0 = Debug|Any CPU
		{A1ED997E-07BE-4CAD-8194-789029275872}.Release|Any CPU.ActiveCfg = Release|Any CPU
		{A1ED997E-07BE-4CAD-8194-789029275872}.Release|Any CPU.Build.0 = Release|Any CPU
		{5176554C-CD17-482A-8290-07822F00C9F9}.Debug|Any CPU.ActiveCfg = Debug|Any CPU
		{5176554C-CD17-482A-8290-07822F00C9F9}.Debug|Any CPU.Build.0 = Debug|Any CPU
		{5176554C-CD17-482A-8290-07822F00C9F9}.Release|Any CPU.ActiveCfg = Release|Any CPU
		{5176554C-CD17-482A-8290-07822F00C9F9}.Release|Any CPU.Build.0 = Release|Any CPU
		{9F3323C2-4657-4A3F-861F-4F70197F14CD}.Debug|Any CPU.ActiveCfg = Debug|Any CPU
		{9F3323C2-4657-4A3F-861F-4F70197F14CD}.Debug|Any CPU.Build.0 = Debug|Any CPU
		{9F3323C2-4657-4A3F-861F-4F70197F14CD}.Release|Any CPU.ActiveCfg = Release|Any CPU
		{9F3323C2-4657-4A3F-861F-4F70197F14CD}.Release|Any CPU.Build.0 = Release|Any CPU
		{618A82F9-9557-406A-8F2C-4C395BBCE211}.Debug|Any CPU.ActiveCfg = Debug|Any CPU
		{618A82F9-9557-406A-8F2C-4C395BBCE211}.Debug|Any CPU.Build.0 = Debug|Any CPU
		{618A82F9-9557-406A-8F2C-4C395BBCE211}.Release|Any CPU.ActiveCfg = Release|Any CPU
		{618A82F9-9557-406A-8F2C-4C395BBCE211}.Release|Any CPU.Build.0 = Release|Any CPU
		{004B18BD-D048-413A-9DAE-7B4D04803908}.Debug|Any CPU.ActiveCfg = Debug|Any CPU
		{004B18BD-D048-413A-9DAE-7B4D04803908}.Debug|Any CPU.Build.0 = Debug|Any CPU
		{004B18BD-D048-413A-9DAE-7B4D04803908}.Release|Any CPU.ActiveCfg = Release|Any CPU
		{004B18BD-D048-413A-9DAE-7B4D04803908}.Release|Any CPU.Build.0 = Release|Any CPU
		{273A9F09-CE36-4263-A343-7659271D322E}.Debug|Any CPU.ActiveCfg = Debug|Any CPU
		{273A9F09-CE36-4263-A343-7659271D322E}.Debug|Any CPU.Build.0 = Debug|Any CPU
		{273A9F09-CE36-4263-A343-7659271D322E}.Release|Any CPU.ActiveCfg = Release|Any CPU
		{273A9F09-CE36-4263-A343-7659271D322E}.Release|Any CPU.Build.0 = Release|Any CPU
		{47D7363F-5870-4D10-B4FD-04B252B0A3D2}.Debug|Any CPU.ActiveCfg = Debug|Any CPU
		{47D7363F-5870-4D10-B4FD-04B252B0A3D2}.Debug|Any CPU.Build.0 = Debug|Any CPU
		{47D7363F-5870-4D10-B4FD-04B252B0A3D2}.Release|Any CPU.ActiveCfg = Release|Any CPU
		{47D7363F-5870-4D10-B4FD-04B252B0A3D2}.Release|Any CPU.Build.0 = Release|Any CPU
		{06A4FC38-82DD-49D2-B3AE-1276FB19D6AA}.Debug|Any CPU.ActiveCfg = Debug|Any CPU
		{06A4FC38-82DD-49D2-B3AE-1276FB19D6AA}.Debug|Any CPU.Build.0 = Debug|Any CPU
		{06A4FC38-82DD-49D2-B3AE-1276FB19D6AA}.Release|Any CPU.ActiveCfg = Release|Any CPU
		{06A4FC38-82DD-49D2-B3AE-1276FB19D6AA}.Release|Any CPU.Build.0 = Release|Any CPU
		{64B9CD84-563F-4B61-851B-DE1D9DDF9B9E}.Debug|Any CPU.ActiveCfg = Debug|Any CPU
		{64B9CD84-563F-4B61-851B-DE1D9DDF9B9E}.Debug|Any CPU.Build.0 = Debug|Any CPU
		{64B9CD84-563F-4B61-851B-DE1D9DDF9B9E}.Release|Any CPU.ActiveCfg = Release|Any CPU
		{64B9CD84-563F-4B61-851B-DE1D9DDF9B9E}.Release|Any CPU.Build.0 = Release|Any CPU
		{5561AAF3-0F3B-49A6-845A-65E61F76E41F}.Debug|Any CPU.ActiveCfg = Debug|Any CPU
		{5561AAF3-0F3B-49A6-845A-65E61F76E41F}.Debug|Any CPU.Build.0 = Debug|Any CPU
		{5561AAF3-0F3B-49A6-845A-65E61F76E41F}.Release|Any CPU.ActiveCfg = Release|Any CPU
		{5561AAF3-0F3B-49A6-845A-65E61F76E41F}.Release|Any CPU.Build.0 = Release|Any CPU
		{732CBC28-69C4-42C1-BBA9-DFAC44DECC80}.Debug|Any CPU.ActiveCfg = Debug|Any CPU
		{732CBC28-69C4-42C1-BBA9-DFAC44DECC80}.Debug|Any CPU.Build.0 = Debug|Any CPU
		{732CBC28-69C4-42C1-BBA9-DFAC44DECC80}.Release|Any CPU.ActiveCfg = Release|Any CPU
		{732CBC28-69C4-42C1-BBA9-DFAC44DECC80}.Release|Any CPU.Build.0 = Release|Any CPU
		{7179FBB4-2404-4286-A2FD-527BA1D1417B}.Debug|Any CPU.ActiveCfg = Debug|Any CPU
		{7179FBB4-2404-4286-A2FD-527BA1D1417B}.Debug|Any CPU.Build.0 = Debug|Any CPU
		{7179FBB4-2404-4286-A2FD-527BA1D1417B}.Release|Any CPU.ActiveCfg = Release|Any CPU
		{7179FBB4-2404-4286-A2FD-527BA1D1417B}.Release|Any CPU.Build.0 = Release|Any CPU
		{441E13B2-E0A2-416D-BBE5-429A8779DAA7}.Debug|Any CPU.ActiveCfg = Debug|Any CPU
		{441E13B2-E0A2-416D-BBE5-429A8779DAA7}.Debug|Any CPU.Build.0 = Debug|Any CPU
		{441E13B2-E0A2-416D-BBE5-429A8779DAA7}.Release|Any CPU.ActiveCfg = Release|Any CPU
		{441E13B2-E0A2-416D-BBE5-429A8779DAA7}.Release|Any CPU.Build.0 = Release|Any CPU
	EndGlobalSection
	GlobalSection(SolutionProperties) = preSolution
		HideSolutionNode = FALSE
	EndGlobalSection
	GlobalSection(NestedProjects) = preSolution
		{60C2C7B3-B6E8-451A-ABA4-E991DE34D860} = {DCD60269-B21F-4D47-BB65-887EA8E4636B}
		{351AAA59-0D5C-4189-8A81-89222E7F8D0F} = {60C2C7B3-B6E8-451A-ABA4-E991DE34D860}
		{9AE6B6EE-4E38-420D-8EE0-A99E9CFF5197} = {60C2C7B3-B6E8-451A-ABA4-E991DE34D860}
		{1B605400-30BA-45B7-8B03-185517606DC7} = {DCD60269-B21F-4D47-BB65-887EA8E4636B}
		{CFEF2182-2ACB-4E01-8023-2655334A89E5} = {1B605400-30BA-45B7-8B03-185517606DC7}
		{A1ED997E-07BE-4CAD-8194-789029275872} = {1B605400-30BA-45B7-8B03-185517606DC7}
		{6A283394-2354-40CD-8FE6-4C6BEE5144B0} = {55AD943D-ABC9-4469-B047-C9AC830AE79D}
		{5176554C-CD17-482A-8290-07822F00C9F9} = {55AD943D-ABC9-4469-B047-C9AC830AE79D}
		{9F3323C2-4657-4A3F-861F-4F70197F14CD} = {6A283394-2354-40CD-8FE6-4C6BEE5144B0}
		{618A82F9-9557-406A-8F2C-4C395BBCE211} = {6A283394-2354-40CD-8FE6-4C6BEE5144B0}
		{004B18BD-D048-413A-9DAE-7B4D04803908} = {55AD943D-ABC9-4469-B047-C9AC830AE79D}
		{273A9F09-CE36-4263-A343-7659271D322E} = {55AD943D-ABC9-4469-B047-C9AC830AE79D}
		{47D7363F-5870-4D10-B4FD-04B252B0A3D2} = {55AD943D-ABC9-4469-B047-C9AC830AE79D}
		{077F4ED0-B71C-41D0-B744-B92674F63BE7} = {2635CA65-1CAC-4E52-8B61-46130477058A}
		{06A4FC38-82DD-49D2-B3AE-1276FB19D6AA} = {2635CA65-1CAC-4E52-8B61-46130477058A}
		{64B9CD84-563F-4B61-851B-DE1D9DDF9B9E} = {2635CA65-1CAC-4E52-8B61-46130477058A}
		{5561AAF3-0F3B-49A6-845A-65E61F76E41F} = {2635CA65-1CAC-4E52-8B61-46130477058A}
		{732CBC28-69C4-42C1-BBA9-DFAC44DECC80} = {077F4ED0-B71C-41D0-B744-B92674F63BE7}
		{7179FBB4-2404-4286-A2FD-527BA1D1417B} = {2635CA65-1CAC-4E52-8B61-46130477058A}
		{441E13B2-E0A2-416D-BBE5-429A8779DAA7} = {591B742A-C9ED-4E66-9D28-BE94194E14AF}
	EndGlobalSection
	GlobalSection(ExtensibilityGlobals) = postSolution
		SolutionGuid = {B30BD0C1-3AB8-46C5-8F13-583999E9D113}
	EndGlobalSection
EndGlobal
